{
  "name": "python-p4-project-vite",
  "lockfileVersion": 2,
  "requires": true,
  "packages": {
    "": {
      "dependencies": {
        "@formfield/react": "^1.0.0-alpha.21",
        "react": "^18.2.0"
      }
    },
    "node_modules/@formfield/react": {
      "version": "1.0.0-alpha.21",
      "resolved": "https://registry.npmjs.org/@formfield/react/-/react-1.0.0-alpha.21.tgz",
      "integrity": "sha512-uRq7zpIMDh4SC1HDXm0sVtN3CFCS+AHp06EK9tfGyXPEgMPjh3wBVKUnMonRTtysexUDeB+/y0PP8sLX5jOMRg==",
      "dependencies": {
        "phone": "^3.1.8"
      },
      "engines": {
        "node": ">=10"
      },
      "peerDependencies": {
        "react": ">=16"
      }
    },
    "node_modules/js-tokens": {
      "version": "4.0.0",
      "resolved": "https://registry.npmjs.org/js-tokens/-/js-tokens-4.0.0.tgz",
      "integrity": "sha512-RdJUflcE3cUzKiMqQgsCu06FPu9UdIJO0beYbPhHN4k6apgJtifcoCtT9bcxOpYBtpD2kCM6Sbzg4CausW/PKQ=="
    },
    "node_modules/loose-envify": {
      "version": "1.4.0",
      "resolved": "https://registry.npmjs.org/loose-envify/-/loose-envify-1.4.0.tgz",
      "integrity": "sha512-lyuxPGr/Wfhrlem2CL/UcnUc1zcqKAImBDzukY7Y5F/yQiNdko6+fRLevlw1HgMySw7f611UIY408EtxRSoK3Q==",
      "dependencies": {
        "js-tokens": "^3.0.0 || ^4.0.0"
      },
      "bin": {
        "loose-envify": "cli.js"
      }
    },
    "node_modules/phone": {
      "version": "3.1.40",
      "resolved": "https://registry.npmjs.org/phone/-/phone-3.1.40.tgz",
      "integrity": "sha512-RyQgv8Xl8a43LFBLrYnlS2rTOFFg5Se6DNTG2OXHZlWqC7cHcD/KA1irHjJToeQOoCVZg63pYIlXqG4cuOj/vg==",
      "engines": {
        "node": ">=12"
      }
    },
    "node_modules/react": {
      "version": "18.2.0",
      "resolved": "https://registry.npmjs.org/react/-/react-18.2.0.tgz",
      "integrity": "sha512-/3IjMdb2L9QbBdWiW5e3P2/npwMBaU9mHCSCUzNln0ZCYbcfTsGbTJrU/kGemdH2IWmB2ioZ+zkxtmq6g09fGQ==",
      "dependencies": {
        "loose-envify": "^1.1.0"
      },
      "engines": {
        "node": ">=0.10.0"
      }
    }
  },
  "dependencies": {
    "@formfield/react": {
      "version": "1.0.0-alpha.21",
      "resolved": "https://registry.npmjs.org/@formfield/react/-/react-1.0.0-alpha.21.tgz",
      "integrity": "sha512-uRq7zpIMDh4SC1HDXm0sVtN3CFCS+AHp06EK9tfGyXPEgMPjh3wBVKUnMonRTtysexUDeB+/y0PP8sLX5jOMRg==",
      "requires": {
        "phone": "^3.1.8"
      }
    },
    "js-tokens": {
      "version": "4.0.0",
      "resolved": "https://registry.npmjs.org/js-tokens/-/js-tokens-4.0.0.tgz",
      "integrity": "sha512-RdJUflcE3cUzKiMqQgsCu06FPu9UdIJO0beYbPhHN4k6apgJtifcoCtT9bcxOpYBtpD2kCM6Sbzg4CausW/PKQ=="
    },
    "loose-envify": {
      "version": "1.4.0",
      "resolved": "https://registry.npmjs.org/loose-envify/-/loose-envify-1.4.0.tgz",
      "integrity": "sha512-lyuxPGr/Wfhrlem2CL/UcnUc1zcqKAImBDzukY7Y5F/yQiNdko6+fRLevlw1HgMySw7f611UIY408EtxRSoK3Q==",
      "requires": {
        "js-tokens": "^3.0.0 || ^4.0.0"
      }
    },
    "phone": {
      "version": "3.1.40",
      "resolved": "https://registry.npmjs.org/phone/-/phone-3.1.40.tgz",
      "integrity": "sha512-RyQgv8Xl8a43LFBLrYnlS2rTOFFg5Se6DNTG2OXHZlWqC7cHcD/KA1irHjJToeQOoCVZg63pYIlXqG4cuOj/vg=="
    },
    "react": {
      "version": "18.2.0",
      "resolved": "https://registry.npmjs.org/react/-/react-18.2.0.tgz",
      "integrity": "sha512-/3IjMdb2L9QbBdWiW5e3P2/npwMBaU9mHCSCUzNln0ZCYbcfTsGbTJrU/kGemdH2IWmB2ioZ+zkxtmq6g09fGQ==",
      "requires": {
        "loose-envify": "^1.1.0"
      }
    }
  }
}
